github.com/Mm2PL/justgrep v0.0.6 h1:qhOujKK0PsBDhEF9i6f7IaQ8jqKMqxv4MUMdTbdaONY=
github.com/Mm2PL/justgrep v0.0.6/go.mod h1:ECPtTN5sDidYElfz5CuNX6F55Nrp16rW55XLmcRY7wQ=
github.com/jprochazk/go-twitch-irc/v4 v4.2.0 h1:Z0cOp5fSrlTgFfgA7Raq3VQCjhpFUoJbZcED46zhEqQ=
github.com/jprochazk/go-twitch-irc/v4 v4.2.0/go.mod h1:+lcGf29+UWDVYxinIZlwgSSvz5XPR+D7V0aOCM8JFBo=
